
Microsoft Visual Studio Solution File, Format Version 12.00
# Visual Studio Version 17
VisualStudioVersion = 17.1.32421.90
MinimumVisualStudioVersion = 10.0.40219.1
Project("{FAE04EC0-301F-11D3-BF4B-00C04F79EFBC}") = "CROM.Asistencia.DataAcces", "CROM.Layers\CROM.Asistencia.DataAcces\CROM.Asistencia.DataAcces.csproj", "{7ADA5572-66CD-4EB4-9B3E-B9601242C5F1}"
EndProject
Project("{FAE04EC0-301F-11D3-BF4B-00C04F79EFBC}") = "CROM.Asistencia.BussinesLogic", "CROM.Layers\CROM.Asistencia.BussinesLogic\CROM.Asistencia.BussinesLogic.csproj", "{47E806EA-1B19-4E46-97A4-F6299640B0F0}"
EndProject
Project("{FAE04EC0-301F-11D3-BF4B-00C04F79EFBC}") = "CROM.GestionComercial.DataAccess", "CROM.Layers\CROM.GestionComercial.DataAccess\CROM.GestionComercial.DataAccess.csproj", "{EB9C1430-5DA1-4A02-953D-5EC74C7E1966}"
EndProject
Project("{FAE04EC0-301F-11D3-BF4B-00C04F79EFBC}") = "CROM.GestionComercial.BusinessLogic", "CROM.Layers\CROM.GestionComercial.BusinessLogic\CROM.GestionComercial.BusinessLogic.csproj", "{5DED200D-B3B9-492B-8734-24C8F17131DA}"
EndProject
Project("{FAE04EC0-301F-11D3-BF4B-00C04F79EFBC}") = "CROM.GestionParqueo.DataAccess", "CROM.Layers\CROM.GestionParqueo.DataAccess\CROM.GestionParqueo.DataAccess.csproj", "{BF43B5B0-7E66-48CC-8D03-FB828A2B480A}"
EndProject
Project("{FAE04EC0-301F-11D3-BF4B-00C04F79EFBC}") = "CROM.GestionParqueo.BusinessLogic", "CROM.Layers\CROM.GestionParqueo.BusinessLogic\CROM.GestionParqueo.BusinessLogic.csproj", "{B668F7A0-4765-47BE-99FE-003AB7C97D03}"
EndProject
Project("{FAE04EC0-301F-11D3-BF4B-00C04F79EFBC}") = "CROM.Seguridad.BussinesEntities", "CROM.Layers\CROM.Seguridad.BussinesEntities\CROM.Seguridad.BussinesEntities.csproj", "{6266158F-6517-42F0-B055-21BF2ACF2DBB}"
EndProject
Project("{FAE04EC0-301F-11D3-BF4B-00C04F79EFBC}") = "CROM.Seguridad.DataAcces", "CROM.Layers\CROM.Seguridad.DataAcces\CROM.Seguridad.DataAcces.csproj", "{102687C7-D05F-4272-B63D-94B387627BEF}"
EndProject
Project("{FAE04EC0-301F-11D3-BF4B-00C04F79EFBC}") = "CROM.Seguridad.BussinesLogic", "CROM.Layers\CROM.Seguridad.BussinesLogic\CROM.Seguridad.BussinesLogic.csproj", "{F45F4252-FC99-46F3-BEAE-8EE8467A730F}"
EndProject
Project("{FAE04EC0-301F-11D3-BF4B-00C04F79EFBC}") = "CROM.Seguridad.Login", "CROM.Layers\CROM.Seguridad.Login\CROM.Seguridad.Login.csproj", "{CD18A66E-F57D-424D-B5A1-DA1508B42457}"
EndProject
Project("{FAE04EC0-301F-11D3-BF4B-00C04F79EFBC}") = "CROM.TablasMaestras.DataAcces", "CROM.Layers\CROM.TablasMaestras.DataAcces\CROM.TablasMaestras.DataAcces.csproj", "{6368C478-AA79-44FE-AEBC-C671F49D1728}"
EndProject
Project("{FAE04EC0-301F-11D3-BF4B-00C04F79EFBC}") = "CROM.TablasMaestras.BussinesLogic", "CROM.Layers\CROM.TablasMaestras.BussinesLogic\CROM.TablasMaestras.BussinesLogic.csproj", "{C7654E80-E766-40D1-9B8D-4BC28BE63413}"
EndProject
Project("{FAE04EC0-301F-11D3-BF4B-00C04F79EFBC}") = "CROM.TablasMaestras.Interface", "CROM.Layers\CROM.TablasMaestras.Interface\CROM.TablasMaestras.Interface.csproj", "{3D4B83B7-A194-4E81-84CB-1203D5DF9664}"
EndProject
Project("{2150E333-8FDC-42A3-9474-1A3956D46DE8}") = "09CROM.Asistencia", "09CROM.Asistencia", "{2BB34F7C-A394-4BDE-A711-8BA6AECAAE10}"
EndProject
Project("{2150E333-8FDC-42A3-9474-1A3956D46DE8}") = "06CROM.GestionComercial", "06CROM.GestionComercial", "{6CEE51AC-A3D6-4AEA-935A-28B48F3C41D0}"
EndProject
Project("{2150E333-8FDC-42A3-9474-1A3956D46DE8}") = "10CROM.GestionParqueo", "10CROM.GestionParqueo", "{AD7016D2-EAE9-4FCF-8561-C0FF20581E89}"
EndProject
Project("{2150E333-8FDC-42A3-9474-1A3956D46DE8}") = "01CROM.Seguridad", "01CROM.Seguridad", "{580E927B-D45D-4ECA-84D1-ADB1EFD9D176}"
EndProject
Project("{2150E333-8FDC-42A3-9474-1A3956D46DE8}") = "03CROM.TablasMaestras", "03CROM.TablasMaestras", "{E4FFED1A-3D0D-40CB-9503-D3877911D0D0}"
EndProject
Project("{2150E333-8FDC-42A3-9474-1A3956D46DE8}") = "00CROM.Tools", "00CROM.Tools", "{3B562B78-EF2A-46AE-820D-1AD865BB7E47}"
EndProject
Project("{2150E333-8FDC-42A3-9474-1A3956D46DE8}") = "04CROM.RecursosHumanos", "04CROM.RecursosHumanos", "{5C8CD5EF-C618-430A-89B8-F8A1710F2C1D}"
EndProject
Project("{FAE04EC0-301F-11D3-BF4B-00C04F79EFBC}") = "CROM.RecursosHumanos.DataAcces", "CROM.Layers\CROM.RecursosHumanos.DataAcces\CROM.RecursosHumanos.DataAcces.csproj", "{8740517B-39FB-4023-A004-B7CD4C86A594}"
EndProject
Project("{FAE04EC0-301F-11D3-BF4B-00C04F79EFBC}") = "CROM.RecursosHumanos.BusinessLogic", "CROM.Layers\CROM.RecursosHumanos.BusinessLogic\CROM.RecursosHumanos.BusinessLogic.csproj", "{77930ABE-788D-44F7-97E4-1FC8997B4E1E}"
EndProject
Project("{2150E333-8FDC-42A3-9474-1A3956D46DE8}") = "07CROM.Importaciones", "07CROM.Importaciones", "{5316B118-4F69-4D0E-8AD2-F02B5E99E50F}"
EndProject
Project("{FAE04EC0-301F-11D3-BF4B-00C04F79EFBC}") = "CROM.Importaciones.DataAccess", "CROM.Layers\CROM.Importaciones.DataAccess\CROM.Importaciones.DataAccess.csproj", "{D41B75EF-9619-40B8-83B5-2D0E9974C41A}"
EndProject
Project("{FAE04EC0-301F-11D3-BF4B-00C04F79EFBC}") = "CROM.Importaciones.BusinessLogic", "CROM.Layers\CROM.Importaciones.BusinessLogic\CROM.Importaciones.BusinessLogic.csproj", "{6984B730-D087-41E0-B1B6-A54969D55D98}"
EndProject
Project("{2150E333-8FDC-42A3-9474-1A3956D46DE8}") = "08CROM.Proyectos", "08CROM.Proyectos", "{07844D26-396D-407B-A044-0D653E0D1236}"
EndProject
Project("{FAE04EC0-301F-11D3-BF4B-00C04F79EFBC}") = "CROM.Proyectos.BusinessLogic", "CROM.Layers\CROM.Proyectos.BusinessLogic\CROM.Proyectos.BusinessLogic.csproj", "{E24DCA57-312E-4EC0-B5C5-556AAE6328A9}"
EndProject
Project("{FAE04EC0-301F-11D3-BF4B-00C04F79EFBC}") = "CROM.Proyectos.DataAccess", "CROM.Layers\CROM.Proyectos.DataAccess\CROM.Proyectos.DataAccess.csproj", "{42EB4CAE-B42A-4F57-BCA5-0F806B0E91B3}"
EndProject
Project("{2150E333-8FDC-42A3-9474-1A3956D46DE8}") = "05CROM.GestionAlmacen", "05CROM.GestionAlmacen", "{32C12070-C51F-435C-A1DE-79C68B20428F}"
EndProject
Project("{FAE04EC0-301F-11D3-BF4B-00C04F79EFBC}") = "CROM.GestionAlmacen.BusinessLogic", "CROM.Layers\CROM.GestionAlmacen.BusinessLogic\CROM.GestionAlmacen.BusinessLogic.csproj", "{3ADFF0D1-3C4C-42BD-B82C-60C7ECF2DF9F}"
EndProject
Project("{FAE04EC0-301F-11D3-BF4B-00C04F79EFBC}") = "CROM.GestionAlmacen.DataAccess", "CROM.Layers\CROM.GestionAlmacen.DataAccess\CROM.GestionAlmacen.DataAccess.csproj", "{7A7C9D54-2C59-4EE2-BC3B-386E2ABEAD53}"
EndProject
Project("{2150E333-8FDC-42A3-9474-1A3956D46DE8}") = "02CROM.BussinesEntities", "02CROM.BussinesEntities", "{E5415C16-EFFE-4AD6-897E-EF2217FCF676}"
EndProject
Project("{FAE04EC0-301F-11D3-BF4B-00C04F79EFBC}") = "CROM.BusinessEntities", "CROM.Layers\CROM.BusinessEntities\CROM.BusinessEntities.csproj", "{8C78A9D4-C630-46E7-9709-53736F411FC0}"
EndProject
Project("{FAE04EC0-301F-11D3-BF4B-00C04F79EFBC}") = "CROM.Licencias.Tools", "CROM.Layers\CROM.Licencias.Tools\CROM.Licencias.Tools.csproj", "{3D4B534D-B424-4039-A633-86C100024379}"
EndProject
Project("{FAE04EC0-301F-11D3-BF4B-00C04F79EFBC}") = "CROM.Tools.Comun", "CROM.Layers\CROM.Tools.Comun\CROM.Tools.Comun.csproj", "{36557F37-7635-409A-86F0-658D961D5B8B}"
EndProject
Project("{FAE04EC0-301F-11D3-BF4B-00C04F79EFBC}") = "CROM.Tools.Windows", "CROM.Layers\CROM.Tools.Windows\CROM.Tools.Windows.csproj", "{2D3EE922-07E1-4185-B3E5-D133B4FAC7D5}"
EndProject
Project("{FAE04EC0-301F-11D3-BF4B-00C04F79EFBC}") = "CROM.Tools.Config", "CROM.Layers\CROM.Configuracion\CROM.Tools.Config.csproj", "{048BB71D-D4EC-4D2D-8761-D27D2C597BB6}"
EndProject
Project("{FAE04EC0-301F-11D3-BF4B-00C04F79EFBC}") = "CROM.ComercialAlmacen.Interfaces", "CROM.Layers\CROM.ComercialAlmacen.Interfaces\CROM.ComercialAlmacen.Interfaces.csproj", "{7C33BBE6-279D-4881-B394-B1AEBD70B57A}"
EndProject
Project("{FAE04EC0-301F-11D3-BF4B-00C04F79EFBC}") = "CROM.GC.Services.Interfaces", "CROM.Layers\CROM.GC.Services.Interfaces\CROM.GC.Services.Interfaces.csproj", "{697778A6-4B83-43D6-B937-412F696519BF}"
EndProject
Project("{FAE04EC0-301F-11D3-BF4B-00C04F79EFBC}") = "CROM.Data", "CROM.Layers\CROM.Data\CROM.Data.csproj", "{75CE3754-F6A4-4035-B60F-1CC27B7B0FA9}"
EndProject
Project("{2150E333-8FDC-42A3-9474-1A3956D46DE8}") = "11CROM.Data", "11CROM.Data", "{9724064B-6109-481D-8419-5237C81264AC}"
EndProject
Global
	GlobalSection(SolutionConfigurationPlatforms) = preSolution
		Debug|Any CPU = Debug|Any CPU
		Debug|net = Debug|net
		Debug|x64 = Debug|x64
		Debug|x86 = Debug|x86
		Release|Any CPU = Release|Any CPU
		Release|net = Release|net
		Release|x64 = Release|x64
		Release|x86 = Release|x86
	EndGlobalSection
	GlobalSection(ProjectConfigurationPlatforms) = postSolution
		{7ADA5572-66CD-4EB4-9B3E-B9601242C5F1}.Debug|Any CPU.ActiveCfg = Debug|Any CPU
		{7ADA5572-66CD-4EB4-9B3E-B9601242C5F1}.Debug|Any CPU.Build.0 = Debug|Any CPU
		{7ADA5572-66CD-4EB4-9B3E-B9601242C5F1}.Debug|net.ActiveCfg = Debug|Any CPU
		{7ADA5572-66CD-4EB4-9B3E-B9601242C5F1}.Debug|x64.ActiveCfg = Debug|x64
		{7ADA5572-66CD-4EB4-9B3E-B9601242C5F1}.Debug|x64.Build.0 = Debug|x64
		{7ADA5572-66CD-4EB4-9B3E-B9601242C5F1}.Debug|x86.ActiveCfg = Debug|x86
		{7ADA5572-66CD-4EB4-9B3E-B9601242C5F1}.Debug|x86.Build.0 = Debug|x86
		{7ADA5572-66CD-4EB4-9B3E-B9601242C5F1}.Release|Any CPU.ActiveCfg = Release|Any CPU
		{7ADA5572-66CD-4EB4-9B3E-B9601242C5F1}.Release|Any CPU.Build.0 = Release|Any CPU
		{7ADA5572-66CD-4EB4-9B3E-B9601242C5F1}.Release|net.ActiveCfg = Release|Any CPU
		{7ADA5572-66CD-4EB4-9B3E-B9601242C5F1}.Release|net.Build.0 = Release|Any CPU
		{7ADA5572-66CD-4EB4-9B3E-B9601242C5F1}.Release|x64.ActiveCfg = Release|x64
		{7ADA5572-66CD-4EB4-9B3E-B9601242C5F1}.Release|x64.Build.0 = Release|x64
		{7ADA5572-66CD-4EB4-9B3E-B9601242C5F1}.Release|x86.ActiveCfg = Release|x86
		{7ADA5572-66CD-4EB4-9B3E-B9601242C5F1}.Release|x86.Build.0 = Release|x86
		{47E806EA-1B19-4E46-97A4-F6299640B0F0}.Debug|Any CPU.ActiveCfg = Debug|Any CPU
		{47E806EA-1B19-4E46-97A4-F6299640B0F0}.Debug|Any CPU.Build.0 = Debug|Any CPU
		{47E806EA-1B19-4E46-97A4-F6299640B0F0}.Debug|net.ActiveCfg = Debug|Any CPU
		{47E806EA-1B19-4E46-97A4-F6299640B0F0}.Debug|x64.ActiveCfg = Debug|x64
		{47E806EA-1B19-4E46-97A4-F6299640B0F0}.Debug|x64.Build.0 = Debug|x64
		{47E806EA-1B19-4E46-97A4-F6299640B0F0}.Debug|x86.ActiveCfg = Debug|x86
		{47E806EA-1B19-4E46-97A4-F6299640B0F0}.Debug|x86.Build.0 = Debug|x86
		{47E806EA-1B19-4E46-97A4-F6299640B0F0}.Release|Any CPU.ActiveCfg = Release|Any CPU
		{47E806EA-1B19-4E46-97A4-F6299640B0F0}.Release|Any CPU.Build.0 = Release|Any CPU
		{47E806EA-1B19-4E46-97A4-F6299640B0F0}.Release|net.ActiveCfg = Release|Any CPU
		{47E806EA-1B19-4E46-97A4-F6299640B0F0}.Release|net.Build.0 = Release|Any CPU
		{47E806EA-1B19-4E46-97A4-F6299640B0F0}.Release|x64.ActiveCfg = Release|x64
		{47E806EA-1B19-4E46-97A4-F6299640B0F0}.Release|x64.Build.0 = Release|x64
		{47E806EA-1B19-4E46-97A4-F6299640B0F0}.Release|x86.ActiveCfg = Release|x86
		{47E806EA-1B19-4E46-97A4-F6299640B0F0}.Release|x86.Build.0 = Release|x86
		{EB9C1430-5DA1-4A02-953D-5EC74C7E1966}.Debug|Any CPU.ActiveCfg = Debug|Any CPU
		{EB9C1430-5DA1-4A02-953D-5EC74C7E1966}.Debug|Any CPU.Build.0 = Debug|Any CPU
		{EB9C1430-5DA1-4A02-953D-5EC74C7E1966}.Debug|net.ActiveCfg = Debug|Any CPU
		{EB9C1430-5DA1-4A02-953D-5EC74C7E1966}.Debug|x64.ActiveCfg = Debug|x64
		{EB9C1430-5DA1-4A02-953D-5EC74C7E1966}.Debug|x64.Build.0 = Debug|x64
		{EB9C1430-5DA1-4A02-953D-5EC74C7E1966}.Debug|x86.ActiveCfg = Debug|x86
		{EB9C1430-5DA1-4A02-953D-5EC74C7E1966}.Debug|x86.Build.0 = Debug|x86
		{EB9C1430-5DA1-4A02-953D-5EC74C7E1966}.Release|Any CPU.ActiveCfg = Release|Any CPU
		{EB9C1430-5DA1-4A02-953D-5EC74C7E1966}.Release|Any CPU.Build.0 = Release|Any CPU
		{EB9C1430-5DA1-4A02-953D-5EC74C7E1966}.Release|net.ActiveCfg = Release|Any CPU
		{EB9C1430-5DA1-4A02-953D-5EC74C7E1966}.Release|net.Build.0 = Release|Any CPU
		{EB9C1430-5DA1-4A02-953D-5EC74C7E1966}.Release|x64.ActiveCfg = Release|x64
		{EB9C1430-5DA1-4A02-953D-5EC74C7E1966}.Release|x64.Build.0 = Release|x64
		{EB9C1430-5DA1-4A02-953D-5EC74C7E1966}.Release|x86.ActiveCfg = Release|x86
		{EB9C1430-5DA1-4A02-953D-5EC74C7E1966}.Release|x86.Build.0 = Release|x86
		{5DED200D-B3B9-492B-8734-24C8F17131DA}.Debug|Any CPU.ActiveCfg = Debug|Any CPU
		{5DED200D-B3B9-492B-8734-24C8F17131DA}.Debug|Any CPU.Build.0 = Debug|Any CPU
		{5DED200D-B3B9-492B-8734-24C8F17131DA}.Debug|net.ActiveCfg = Debug|Any CPU
		{5DED200D-B3B9-492B-8734-24C8F17131DA}.Debug|x64.ActiveCfg = Debug|x64
		{5DED200D-B3B9-492B-8734-24C8F17131DA}.Debug|x64.Build.0 = Debug|x64
		{5DED200D-B3B9-492B-8734-24C8F17131DA}.Debug|x86.ActiveCfg = Debug|x86
		{5DED200D-B3B9-492B-8734-24C8F17131DA}.Debug|x86.Build.0 = Debug|x86
		{5DED200D-B3B9-492B-8734-24C8F17131DA}.Release|Any CPU.ActiveCfg = Release|Any CPU
		{5DED200D-B3B9-492B-8734-24C8F17131DA}.Release|Any CPU.Build.0 = Release|Any CPU
		{5DED200D-B3B9-492B-8734-24C8F17131DA}.Release|net.ActiveCfg = Release|Any CPU
		{5DED200D-B3B9-492B-8734-24C8F17131DA}.Release|net.Build.0 = Release|Any CPU
		{5DED200D-B3B9-492B-8734-24C8F17131DA}.Release|x64.ActiveCfg = Release|x64
		{5DED200D-B3B9-492B-8734-24C8F17131DA}.Release|x64.Build.0 = Release|x64
		{5DED200D-B3B9-492B-8734-24C8F17131DA}.Release|x86.ActiveCfg = Release|x86
		{5DED200D-B3B9-492B-8734-24C8F17131DA}.Release|x86.Build.0 = Release|x86
		{BF43B5B0-7E66-48CC-8D03-FB828A2B480A}.Debug|Any CPU.ActiveCfg = Debug|Any CPU
		{BF43B5B0-7E66-48CC-8D03-FB828A2B480A}.Debug|Any CPU.Build.0 = Debug|Any CPU
		{BF43B5B0-7E66-48CC-8D03-FB828A2B480A}.Debug|net.ActiveCfg = Debug|Any CPU
		{BF43B5B0-7E66-48CC-8D03-FB828A2B480A}.Debug|x64.ActiveCfg = Debug|x64
		{BF43B5B0-7E66-48CC-8D03-FB828A2B480A}.Debug|x64.Build.0 = Debug|x64
		{BF43B5B0-7E66-48CC-8D03-FB828A2B480A}.Debug|x86.ActiveCfg = Debug|x86
		{BF43B5B0-7E66-48CC-8D03-FB828A2B480A}.Debug|x86.Build.0 = Debug|x86
		{BF43B5B0-7E66-48CC-8D03-FB828A2B480A}.Release|Any CPU.ActiveCfg = Release|Any CPU
		{BF43B5B0-7E66-48CC-8D03-FB828A2B480A}.Release|Any CPU.Build.0 = Release|Any CPU
		{BF43B5B0-7E66-48CC-8D03-FB828A2B480A}.Release|net.ActiveCfg = Release|Any CPU
		{BF43B5B0-7E66-48CC-8D03-FB828A2B480A}.Release|net.Build.0 = Release|Any CPU
		{BF43B5B0-7E66-48CC-8D03-FB828A2B480A}.Release|x64.ActiveCfg = Release|x64
		{BF43B5B0-7E66-48CC-8D03-FB828A2B480A}.Release|x64.Build.0 = Release|x64
		{BF43B5B0-7E66-48CC-8D03-FB828A2B480A}.Release|x86.ActiveCfg = Release|x86
		{BF43B5B0-7E66-48CC-8D03-FB828A2B480A}.Release|x86.Build.0 = Release|x86
		{B668F7A0-4765-47BE-99FE-003AB7C97D03}.Debug|Any CPU.ActiveCfg = Debug|Any CPU
		{B668F7A0-4765-47BE-99FE-003AB7C97D03}.Debug|Any CPU.Build.0 = Debug|Any CPU
		{B668F7A0-4765-47BE-99FE-003AB7C97D03}.Debug|net.ActiveCfg = Debug|Any CPU
		{B668F7A0-4765-47BE-99FE-003AB7C97D03}.Debug|x64.ActiveCfg = Debug|x64
		{B668F7A0-4765-47BE-99FE-003AB7C97D03}.Debug|x64.Build.0 = Debug|x64
		{B668F7A0-4765-47BE-99FE-003AB7C97D03}.Debug|x86.ActiveCfg = Debug|x86
		{B668F7A0-4765-47BE-99FE-003AB7C97D03}.Debug|x86.Build.0 = Debug|x86
		{B668F7A0-4765-47BE-99FE-003AB7C97D03}.Release|Any CPU.ActiveCfg = Release|Any CPU
		{B668F7A0-4765-47BE-99FE-003AB7C97D03}.Release|Any CPU.Build.0 = Release|Any CPU
		{B668F7A0-4765-47BE-99FE-003AB7C97D03}.Release|net.ActiveCfg = Release|Any CPU
		{B668F7A0-4765-47BE-99FE-003AB7C97D03}.Release|net.Build.0 = Release|Any CPU
		{B668F7A0-4765-47BE-99FE-003AB7C97D03}.Release|x64.ActiveCfg = Release|x64
		{B668F7A0-4765-47BE-99FE-003AB7C97D03}.Release|x64.Build.0 = Release|x64
		{B668F7A0-4765-47BE-99FE-003AB7C97D03}.Release|x86.ActiveCfg = Release|x86
		{B668F7A0-4765-47BE-99FE-003AB7C97D03}.Release|x86.Build.0 = Release|x86
		{6266158F-6517-42F0-B055-21BF2ACF2DBB}.Debug|Any CPU.ActiveCfg = Debug|Any CPU
		{6266158F-6517-42F0-B055-21BF2ACF2DBB}.Debug|Any CPU.Build.0 = Debug|Any CPU
		{6266158F-6517-42F0-B055-21BF2ACF2DBB}.Debug|net.ActiveCfg = Debug|Any CPU
		{6266158F-6517-42F0-B055-21BF2ACF2DBB}.Debug|x64.ActiveCfg = Debug|x64
		{6266158F-6517-42F0-B055-21BF2ACF2DBB}.Debug|x64.Build.0 = Debug|x64
		{6266158F-6517-42F0-B055-21BF2ACF2DBB}.Debug|x86.ActiveCfg = Debug|x86
		{6266158F-6517-42F0-B055-21BF2ACF2DBB}.Debug|x86.Build.0 = Debug|x86
		{6266158F-6517-42F0-B055-21BF2ACF2DBB}.Release|Any CPU.ActiveCfg = Release|Any CPU
		{6266158F-6517-42F0-B055-21BF2ACF2DBB}.Release|Any CPU.Build.0 = Release|Any CPU
		{6266158F-6517-42F0-B055-21BF2ACF2DBB}.Release|net.ActiveCfg = Release|Any CPU
		{6266158F-6517-42F0-B055-21BF2ACF2DBB}.Release|net.Build.0 = Release|Any CPU
		{6266158F-6517-42F0-B055-21BF2ACF2DBB}.Release|x64.ActiveCfg = Release|x64
		{6266158F-6517-42F0-B055-21BF2ACF2DBB}.Release|x64.Build.0 = Release|x64
		{6266158F-6517-42F0-B055-21BF2ACF2DBB}.Release|x86.ActiveCfg = Release|x86
		{6266158F-6517-42F0-B055-21BF2ACF2DBB}.Release|x86.Build.0 = Release|x86
		{102687C7-D05F-4272-B63D-94B387627BEF}.Debug|Any CPU.ActiveCfg = Debug|Any CPU
		{102687C7-D05F-4272-B63D-94B387627BEF}.Debug|Any CPU.Build.0 = Debug|Any CPU
		{102687C7-D05F-4272-B63D-94B387627BEF}.Debug|net.ActiveCfg = Debug|Any CPU
		{102687C7-D05F-4272-B63D-94B387627BEF}.Debug|x64.ActiveCfg = Debug|x64
		{102687C7-D05F-4272-B63D-94B387627BEF}.Debug|x64.Build.0 = Debug|x64
		{102687C7-D05F-4272-B63D-94B387627BEF}.Debug|x86.ActiveCfg = Debug|x86
		{102687C7-D05F-4272-B63D-94B387627BEF}.Debug|x86.Build.0 = Debug|x86
		{102687C7-D05F-4272-B63D-94B387627BEF}.Release|Any CPU.ActiveCfg = Release|Any CPU
		{102687C7-D05F-4272-B63D-94B387627BEF}.Release|Any CPU.Build.0 = Release|Any CPU
		{102687C7-D05F-4272-B63D-94B387627BEF}.Release|net.ActiveCfg = Release|Any CPU
		{102687C7-D05F-4272-B63D-94B387627BEF}.Release|net.Build.0 = Release|Any CPU
		{102687C7-D05F-4272-B63D-94B387627BEF}.Release|x64.ActiveCfg = Release|x64
		{102687C7-D05F-4272-B63D-94B387627BEF}.Release|x64.Build.0 = Release|x64
		{102687C7-D05F-4272-B63D-94B387627BEF}.Release|x86.ActiveCfg = Release|x86
		{102687C7-D05F-4272-B63D-94B387627BEF}.Release|x86.Build.0 = Release|x86
		{F45F4252-FC99-46F3-BEAE-8EE8467A730F}.Debug|Any CPU.ActiveCfg = Debug|Any CPU
		{F45F4252-FC99-46F3-BEAE-8EE8467A730F}.Debug|Any CPU.Build.0 = Debug|Any CPU
		{F45F4252-FC99-46F3-BEAE-8EE8467A730F}.Debug|net.ActiveCfg = Debug|Any CPU
		{F45F4252-FC99-46F3-BEAE-8EE8467A730F}.Debug|x64.ActiveCfg = Debug|x64
		{F45F4252-FC99-46F3-BEAE-8EE8467A730F}.Debug|x64.Build.0 = Debug|x64
		{F45F4252-FC99-46F3-BEAE-8EE8467A730F}.Debug|x86.ActiveCfg = Debug|x86
		{F45F4252-FC99-46F3-BEAE-8EE8467A730F}.Debug|x86.Build.0 = Debug|x86
		{F45F4252-FC99-46F3-BEAE-8EE8467A730F}.Release|Any CPU.ActiveCfg = Release|Any CPU
		{F45F4252-FC99-46F3-BEAE-8EE8467A730F}.Release|Any CPU.Build.0 = Release|Any CPU
		{F45F4252-FC99-46F3-BEAE-8EE8467A730F}.Release|net.ActiveCfg = Release|Any CPU
		{F45F4252-FC99-46F3-BEAE-8EE8467A730F}.Release|net.Build.0 = Release|Any CPU
		{F45F4252-FC99-46F3-BEAE-8EE8467A730F}.Release|x64.ActiveCfg = Release|x64
		{F45F4252-FC99-46F3-BEAE-8EE8467A730F}.Release|x64.Build.0 = Release|x64
		{F45F4252-FC99-46F3-BEAE-8EE8467A730F}.Release|x86.ActiveCfg = Release|x86
		{F45F4252-FC99-46F3-BEAE-8EE8467A730F}.Release|x86.Build.0 = Release|x86
		{CD18A66E-F57D-424D-B5A1-DA1508B42457}.Debug|Any CPU.ActiveCfg = Debug|Any CPU
		{CD18A66E-F57D-424D-B5A1-DA1508B42457}.Debug|Any CPU.Build.0 = Debug|Any CPU
		{CD18A66E-F57D-424D-B5A1-DA1508B42457}.Debug|net.ActiveCfg = Debug|Any CPU
		{CD18A66E-F57D-424D-B5A1-DA1508B42457}.Debug|x64.ActiveCfg = Debug|x64
		{CD18A66E-F57D-424D-B5A1-DA1508B42457}.Debug|x64.Build.0 = Debug|x64
		{CD18A66E-F57D-424D-B5A1-DA1508B42457}.Debug|x86.ActiveCfg = Debug|x86
		{CD18A66E-F57D-424D-B5A1-DA1508B42457}.Debug|x86.Build.0 = Debug|x86
		{CD18A66E-F57D-424D-B5A1-DA1508B42457}.Release|Any CPU.ActiveCfg = Release|Any CPU
		{CD18A66E-F57D-424D-B5A1-DA1508B42457}.Release|Any CPU.Build.0 = Release|Any CPU
		{CD18A66E-F57D-424D-B5A1-DA1508B42457}.Release|net.ActiveCfg = Release|Any CPU
		{CD18A66E-F57D-424D-B5A1-DA1508B42457}.Release|net.Build.0 = Release|Any CPU
		{CD18A66E-F57D-424D-B5A1-DA1508B42457}.Release|x64.ActiveCfg = Release|x64
		{CD18A66E-F57D-424D-B5A1-DA1508B42457}.Release|x64.Build.0 = Release|x64
		{CD18A66E-F57D-424D-B5A1-DA1508B42457}.Release|x86.ActiveCfg = Release|x86
		{CD18A66E-F57D-424D-B5A1-DA1508B42457}.Release|x86.Build.0 = Release|x86
		{6368C478-AA79-44FE-AEBC-C671F49D1728}.Debug|Any CPU.ActiveCfg = Debug|Any CPU
		{6368C478-AA79-44FE-AEBC-C671F49D1728}.Debug|Any CPU.Build.0 = Debug|Any CPU
		{6368C478-AA79-44FE-AEBC-C671F49D1728}.Debug|net.ActiveCfg = Debug|Any CPU
		{6368C478-AA79-44FE-AEBC-C671F49D1728}.Debug|x64.ActiveCfg = Debug|x64
		{6368C478-AA79-44FE-AEBC-C671F49D1728}.Debug|x64.Build.0 = Debug|x64
		{6368C478-AA79-44FE-AEBC-C671F49D1728}.Debug|x86.ActiveCfg = Debug|x86
		{6368C478-AA79-44FE-AEBC-C671F49D1728}.Debug|x86.Build.0 = Debug|x86
		{6368C478-AA79-44FE-AEBC-C671F49D1728}.Release|Any CPU.ActiveCfg = Release|Any CPU
		{6368C478-AA79-44FE-AEBC-C671F49D1728}.Release|Any CPU.Build.0 = Release|Any CPU
		{6368C478-AA79-44FE-AEBC-C671F49D1728}.Release|net.ActiveCfg = Release|Any CPU
		{6368C478-AA79-44FE-AEBC-C671F49D1728}.Release|net.Build.0 = Release|Any CPU
		{6368C478-AA79-44FE-AEBC-C671F49D1728}.Release|x64.ActiveCfg = Release|x64
		{6368C478-AA79-44FE-AEBC-C671F49D1728}.Release|x64.Build.0 = Release|x64
		{6368C478-AA79-44FE-AEBC-C671F49D1728}.Release|x86.ActiveCfg = Release|x86
		{6368C478-AA79-44FE-AEBC-C671F49D1728}.Release|x86.Build.0 = Release|x86
		{C7654E80-E766-40D1-9B8D-4BC28BE63413}.Debug|Any CPU.ActiveCfg = Debug|Any CPU
		{C7654E80-E766-40D1-9B8D-4BC28BE63413}.Debug|Any CPU.Build.0 = Debug|Any CPU
		{C7654E80-E766-40D1-9B8D-4BC28BE63413}.Debug|net.ActiveCfg = Debug|Any CPU
		{C7654E80-E766-40D1-9B8D-4BC28BE63413}.Debug|x64.ActiveCfg = Debug|x64
		{C7654E80-E766-40D1-9B8D-4BC28BE63413}.Debug|x64.Build.0 = Debug|x64
		{C7654E80-E766-40D1-9B8D-4BC28BE63413}.Debug|x86.ActiveCfg = Debug|x86
		{C7654E80-E766-40D1-9B8D-4BC28BE63413}.Debug|x86.Build.0 = Debug|x86
		{C7654E80-E766-40D1-9B8D-4BC28BE63413}.Release|Any CPU.ActiveCfg = Release|Any CPU
		{C7654E80-E766-40D1-9B8D-4BC28BE63413}.Release|Any CPU.Build.0 = Release|Any CPU
		{C7654E80-E766-40D1-9B8D-4BC28BE63413}.Release|net.ActiveCfg = Release|Any CPU
		{C7654E80-E766-40D1-9B8D-4BC28BE63413}.Release|net.Build.0 = Release|Any CPU
		{C7654E80-E766-40D1-9B8D-4BC28BE63413}.Release|x64.ActiveCfg = Release|x64
		{C7654E80-E766-40D1-9B8D-4BC28BE63413}.Release|x64.Build.0 = Release|x64
		{C7654E80-E766-40D1-9B8D-4BC28BE63413}.Release|x86.ActiveCfg = Release|x86
		{C7654E80-E766-40D1-9B8D-4BC28BE63413}.Release|x86.Build.0 = Release|x86
		{3D4B83B7-A194-4E81-84CB-1203D5DF9664}.Debug|Any CPU.ActiveCfg = Debug|Any CPU
		{3D4B83B7-A194-4E81-84CB-1203D5DF9664}.Debug|Any CPU.Build.0 = Debug|Any CPU
		{3D4B83B7-A194-4E81-84CB-1203D5DF9664}.Debug|net.ActiveCfg = Debug|Any CPU
		{3D4B83B7-A194-4E81-84CB-1203D5DF9664}.Debug|x64.ActiveCfg = Debug|x64
		{3D4B83B7-A194-4E81-84CB-1203D5DF9664}.Debug|x64.Build.0 = Debug|x64
		{3D4B83B7-A194-4E81-84CB-1203D5DF9664}.Debug|x86.ActiveCfg = Debug|x86
		{3D4B83B7-A194-4E81-84CB-1203D5DF9664}.Debug|x86.Build.0 = Debug|x86
		{3D4B83B7-A194-4E81-84CB-1203D5DF9664}.Release|Any CPU.ActiveCfg = Release|Any CPU
		{3D4B83B7-A194-4E81-84CB-1203D5DF9664}.Release|Any CPU.Build.0 = Release|Any CPU
		{3D4B83B7-A194-4E81-84CB-1203D5DF9664}.Release|net.ActiveCfg = Release|Any CPU
		{3D4B83B7-A194-4E81-84CB-1203D5DF9664}.Release|net.Build.0 = Release|Any CPU
		{3D4B83B7-A194-4E81-84CB-1203D5DF9664}.Release|x64.ActiveCfg = Release|x64
		{3D4B83B7-A194-4E81-84CB-1203D5DF9664}.Release|x64.Build.0 = Release|x64
		{3D4B83B7-A194-4E81-84CB-1203D5DF9664}.Release|x86.ActiveCfg = Release|x86
		{3D4B83B7-A194-4E81-84CB-1203D5DF9664}.Release|x86.Build.0 = Release|x86
		{8740517B-39FB-4023-A004-B7CD4C86A594}.Debug|Any CPU.ActiveCfg = Debug|Any CPU
		{8740517B-39FB-4023-A004-B7CD4C86A594}.Debug|Any CPU.Build.0 = Debug|Any CPU
		{8740517B-39FB-4023-A004-B7CD4C86A594}.Debug|net.ActiveCfg = Debug|Any CPU
		{8740517B-39FB-4023-A004-B7CD4C86A594}.Debug|x64.ActiveCfg = Debug|x64
		{8740517B-39FB-4023-A004-B7CD4C86A594}.Debug|x64.Build.0 = Debug|x64
		{8740517B-39FB-4023-A004-B7CD4C86A594}.Debug|x86.ActiveCfg = Debug|x86
		{8740517B-39FB-4023-A004-B7CD4C86A594}.Debug|x86.Build.0 = Debug|x86
		{8740517B-39FB-4023-A004-B7CD4C86A594}.Release|Any CPU.ActiveCfg = Release|Any CPU
		{8740517B-39FB-4023-A004-B7CD4C86A594}.Release|Any CPU.Build.0 = Release|Any CPU
		{8740517B-39FB-4023-A004-B7CD4C86A594}.Release|net.ActiveCfg = Release|Any CPU
		{8740517B-39FB-4023-A004-B7CD4C86A594}.Release|net.Build.0 = Release|Any CPU
		{8740517B-39FB-4023-A004-B7CD4C86A594}.Release|x64.ActiveCfg = Release|x64
		{8740517B-39FB-4023-A004-B7CD4C86A594}.Release|x64.Build.0 = Release|x64
		{8740517B-39FB-4023-A004-B7CD4C86A594}.Release|x86.ActiveCfg = Release|x86
		{8740517B-39FB-4023-A004-B7CD4C86A594}.Release|x86.Build.0 = Release|x86
		{77930ABE-788D-44F7-97E4-1FC8997B4E1E}.Debug|Any CPU.ActiveCfg = Debug|Any CPU
		{77930ABE-788D-44F7-97E4-1FC8997B4E1E}.Debug|Any CPU.Build.0 = Debug|Any CPU
		{77930ABE-788D-44F7-97E4-1FC8997B4E1E}.Debug|net.ActiveCfg = Debug|Any CPU
		{77930ABE-788D-44F7-97E4-1FC8997B4E1E}.Debug|x64.ActiveCfg = Debug|x64
		{77930ABE-788D-44F7-97E4-1FC8997B4E1E}.Debug|x64.Build.0 = Debug|x64
		{77930ABE-788D-44F7-97E4-1FC8997B4E1E}.Debug|x86.ActiveCfg = Debug|x86
		{77930ABE-788D-44F7-97E4-1FC8997B4E1E}.Debug|x86.Build.0 = Debug|x86
		{77930ABE-788D-44F7-97E4-1FC8997B4E1E}.Release|Any CPU.ActiveCfg = Release|Any CPU
		{77930ABE-788D-44F7-97E4-1FC8997B4E1E}.Release|Any CPU.Build.0 = Release|Any CPU
		{77930ABE-788D-44F7-97E4-1FC8997B4E1E}.Release|net.ActiveCfg = Release|Any CPU
		{77930ABE-788D-44F7-97E4-1FC8997B4E1E}.Release|net.Build.0 = Release|Any CPU
		{77930ABE-788D-44F7-97E4-1FC8997B4E1E}.Release|x64.ActiveCfg = Release|x64
		{77930ABE-788D-44F7-97E4-1FC8997B4E1E}.Release|x64.Build.0 = Release|x64
		{77930ABE-788D-44F7-97E4-1FC8997B4E1E}.Release|x86.ActiveCfg = Release|x86
		{77930ABE-788D-44F7-97E4-1FC8997B4E1E}.Release|x86.Build.0 = Release|x86
		{D41B75EF-9619-40B8-83B5-2D0E9974C41A}.Debug|Any CPU.ActiveCfg = Debug|Any CPU
		{D41B75EF-9619-40B8-83B5-2D0E9974C41A}.Debug|Any CPU.Build.0 = Debug|Any CPU
		{D41B75EF-9619-40B8-83B5-2D0E9974C41A}.Debug|net.ActiveCfg = Debug|Any CPU
		{D41B75EF-9619-40B8-83B5-2D0E9974C41A}.Debug|x64.ActiveCfg = Debug|x64
		{D41B75EF-9619-40B8-83B5-2D0E9974C41A}.Debug|x64.Build.0 = Debug|x64
		{D41B75EF-9619-40B8-83B5-2D0E9974C41A}.Debug|x86.ActiveCfg = Debug|x86
		{D41B75EF-9619-40B8-83B5-2D0E9974C41A}.Debug|x86.Build.0 = Debug|x86
		{D41B75EF-9619-40B8-83B5-2D0E9974C41A}.Release|Any CPU.ActiveCfg = Release|Any CPU
		{D41B75EF-9619-40B8-83B5-2D0E9974C41A}.Release|Any CPU.Build.0 = Release|Any CPU
		{D41B75EF-9619-40B8-83B5-2D0E9974C41A}.Release|net.ActiveCfg = Release|Any CPU
		{D41B75EF-9619-40B8-83B5-2D0E9974C41A}.Release|net.Build.0 = Release|Any CPU
		{D41B75EF-9619-40B8-83B5-2D0E9974C41A}.Release|x64.ActiveCfg = Release|x64
		{D41B75EF-9619-40B8-83B5-2D0E9974C41A}.Release|x64.Build.0 = Release|x64
		{D41B75EF-9619-40B8-83B5-2D0E9974C41A}.Release|x86.ActiveCfg = Release|x86
		{D41B75EF-9619-40B8-83B5-2D0E9974C41A}.Release|x86.Build.0 = Release|x86
		{6984B730-D087-41E0-B1B6-A54969D55D98}.Debug|Any CPU.ActiveCfg = Debug|Any CPU
		{6984B730-D087-41E0-B1B6-A54969D55D98}.Debug|Any CPU.Build.0 = Debug|Any CPU
		{6984B730-D087-41E0-B1B6-A54969D55D98}.Debug|net.ActiveCfg = Debug|Any CPU
		{6984B730-D087-41E0-B1B6-A54969D55D98}.Debug|x64.ActiveCfg = Debug|x64
		{6984B730-D087-41E0-B1B6-A54969D55D98}.Debug|x64.Build.0 = Debug|x64
		{6984B730-D087-41E0-B1B6-A54969D55D98}.Debug|x86.ActiveCfg = Debug|x86
		{6984B730-D087-41E0-B1B6-A54969D55D98}.Debug|x86.Build.0 = Debug|x86
		{6984B730-D087-41E0-B1B6-A54969D55D98}.Release|Any CPU.ActiveCfg = Release|Any CPU
		{6984B730-D087-41E0-B1B6-A54969D55D98}.Release|Any CPU.Build.0 = Release|Any CPU
		{6984B730-D087-41E0-B1B6-A54969D55D98}.Release|net.ActiveCfg = Release|Any CPU
		{6984B730-D087-41E0-B1B6-A54969D55D98}.Release|net.Build.0 = Release|Any CPU
		{6984B730-D087-41E0-B1B6-A54969D55D98}.Release|x64.ActiveCfg = Release|x64
		{6984B730-D087-41E0-B1B6-A54969D55D98}.Release|x64.Build.0 = Release|x64
		{6984B730-D087-41E0-B1B6-A54969D55D98}.Release|x86.ActiveCfg = Release|x86
		{6984B730-D087-41E0-B1B6-A54969D55D98}.Release|x86.Build.0 = Release|x86
		{E24DCA57-312E-4EC0-B5C5-556AAE6328A9}.Debug|Any CPU.ActiveCfg = Debug|Any CPU
		{E24DCA57-312E-4EC0-B5C5-556AAE6328A9}.Debug|Any CPU.Build.0 = Debug|Any CPU
		{E24DCA57-312E-4EC0-B5C5-556AAE6328A9}.Debug|net.ActiveCfg = Debug|Any CPU
		{E24DCA57-312E-4EC0-B5C5-556AAE6328A9}.Debug|x64.ActiveCfg = Debug|x64
		{E24DCA57-312E-4EC0-B5C5-556AAE6328A9}.Debug|x64.Build.0 = Debug|x64
		{E24DCA57-312E-4EC0-B5C5-556AAE6328A9}.Debug|x86.ActiveCfg = Debug|x86
		{E24DCA57-312E-4EC0-B5C5-556AAE6328A9}.Debug|x86.Build.0 = Debug|x86
		{E24DCA57-312E-4EC0-B5C5-556AAE6328A9}.Release|Any CPU.ActiveCfg = Release|Any CPU
		{E24DCA57-312E-4EC0-B5C5-556AAE6328A9}.Release|Any CPU.Build.0 = Release|Any CPU
		{E24DCA57-312E-4EC0-B5C5-556AAE6328A9}.Release|net.ActiveCfg = Release|Any CPU
		{E24DCA57-312E-4EC0-B5C5-556AAE6328A9}.Release|net.Build.0 = Release|Any CPU
		{E24DCA57-312E-4EC0-B5C5-556AAE6328A9}.Release|x64.ActiveCfg = Release|x64
		{E24DCA57-312E-4EC0-B5C5-556AAE6328A9}.Release|x64.Build.0 = Release|x64
		{E24DCA57-312E-4EC0-B5C5-556AAE6328A9}.Release|x86.ActiveCfg = Release|x86
		{E24DCA57-312E-4EC0-B5C5-556AAE6328A9}.Release|x86.Build.0 = Release|x86
		{42EB4CAE-B42A-4F57-BCA5-0F806B0E91B3}.Debug|Any CPU.ActiveCfg = Debug|Any CPU
		{42EB4CAE-B42A-4F57-BCA5-0F806B0E91B3}.Debug|Any CPU.Build.0 = Debug|Any CPU
		{42EB4CAE-B42A-4F57-BCA5-0F806B0E91B3}.Debug|net.ActiveCfg = Debug|Any CPU
		{42EB4CAE-B42A-4F57-BCA5-0F806B0E91B3}.Debug|x64.ActiveCfg = Debug|x64
		{42EB4CAE-B42A-4F57-BCA5-0F806B0E91B3}.Debug|x64.Build.0 = Debug|x64
		{42EB4CAE-B42A-4F57-BCA5-0F806B0E91B3}.Debug|x86.ActiveCfg = Debug|x86
		{42EB4CAE-B42A-4F57-BCA5-0F806B0E91B3}.Debug|x86.Build.0 = Debug|x86
		{42EB4CAE-B42A-4F57-BCA5-0F806B0E91B3}.Release|Any CPU.ActiveCfg = Release|Any CPU
		{42EB4CAE-B42A-4F57-BCA5-0F806B0E91B3}.Release|Any CPU.Build.0 = Release|Any CPU
		{42EB4CAE-B42A-4F57-BCA5-0F806B0E91B3}.Release|net.ActiveCfg = Release|Any CPU
		{42EB4CAE-B42A-4F57-BCA5-0F806B0E91B3}.Release|net.Build.0 = Release|Any CPU
		{42EB4CAE-B42A-4F57-BCA5-0F806B0E91B3}.Release|x64.ActiveCfg = Release|x64
		{42EB4CAE-B42A-4F57-BCA5-0F806B0E91B3}.Release|x64.Build.0 = Release|x64
		{42EB4CAE-B42A-4F57-BCA5-0F806B0E91B3}.Release|x86.ActiveCfg = Release|x86
		{42EB4CAE-B42A-4F57-BCA5-0F806B0E91B3}.Release|x86.Build.0 = Release|x86
		{3ADFF0D1-3C4C-42BD-B82C-60C7ECF2DF9F}.Debug|Any CPU.ActiveCfg = Debug|Any CPU
		{3ADFF0D1-3C4C-42BD-B82C-60C7ECF2DF9F}.Debug|Any CPU.Build.0 = Debug|Any CPU
		{3ADFF0D1-3C4C-42BD-B82C-60C7ECF2DF9F}.Debug|net.ActiveCfg = Debug|Any CPU
		{3ADFF0D1-3C4C-42BD-B82C-60C7ECF2DF9F}.Debug|x64.ActiveCfg = Debug|x64
		{3ADFF0D1-3C4C-42BD-B82C-60C7ECF2DF9F}.Debug|x64.Build.0 = Debug|x64
		{3ADFF0D1-3C4C-42BD-B82C-60C7ECF2DF9F}.Debug|x86.ActiveCfg = Debug|x86
		{3ADFF0D1-3C4C-42BD-B82C-60C7ECF2DF9F}.Debug|x86.Build.0 = Debug|x86
		{3ADFF0D1-3C4C-42BD-B82C-60C7ECF2DF9F}.Release|Any CPU.ActiveCfg = Release|Any CPU
		{3ADFF0D1-3C4C-42BD-B82C-60C7ECF2DF9F}.Release|Any CPU.Build.0 = Release|Any CPU
		{3ADFF0D1-3C4C-42BD-B82C-60C7ECF2DF9F}.Release|net.ActiveCfg = Release|Any CPU
		{3ADFF0D1-3C4C-42BD-B82C-60C7ECF2DF9F}.Release|net.Build.0 = Release|Any CPU
		{3ADFF0D1-3C4C-42BD-B82C-60C7ECF2DF9F}.Release|x64.ActiveCfg = Release|x64
		{3ADFF0D1-3C4C-42BD-B82C-60C7ECF2DF9F}.Release|x64.Build.0 = Release|x64
		{3ADFF0D1-3C4C-42BD-B82C-60C7ECF2DF9F}.Release|x86.ActiveCfg = Release|x86
		{3ADFF0D1-3C4C-42BD-B82C-60C7ECF2DF9F}.Release|x86.Build.0 = Release|x86
		{7A7C9D54-2C59-4EE2-BC3B-386E2ABEAD53}.Debug|Any CPU.ActiveCfg = Debug|Any CPU
		{7A7C9D54-2C59-4EE2-BC3B-386E2ABEAD53}.Debug|Any CPU.Build.0 = Debug|Any CPU
		{7A7C9D54-2C59-4EE2-BC3B-386E2ABEAD53}.Debug|net.ActiveCfg = Debug|Any CPU
		{7A7C9D54-2C59-4EE2-BC3B-386E2ABEAD53}.Debug|x64.ActiveCfg = Debug|x64
		{7A7C9D54-2C59-4EE2-BC3B-386E2ABEAD53}.Debug|x64.Build.0 = Debug|x64
		{7A7C9D54-2C59-4EE2-BC3B-386E2ABEAD53}.Debug|x86.ActiveCfg = Debug|x86
		{7A7C9D54-2C59-4EE2-BC3B-386E2ABEAD53}.Debug|x86.Build.0 = Debug|x86
		{7A7C9D54-2C59-4EE2-BC3B-386E2ABEAD53}.Release|Any CPU.ActiveCfg = Release|Any CPU
		{7A7C9D54-2C59-4EE2-BC3B-386E2ABEAD53}.Release|Any CPU.Build.0 = Release|Any CPU
		{7A7C9D54-2C59-4EE2-BC3B-386E2ABEAD53}.Release|net.ActiveCfg = Release|Any CPU
		{7A7C9D54-2C59-4EE2-BC3B-386E2ABEAD53}.Release|net.Build.0 = Release|Any CPU
		{7A7C9D54-2C59-4EE2-BC3B-386E2ABEAD53}.Release|x64.ActiveCfg = Release|x64
		{7A7C9D54-2C59-4EE2-BC3B-386E2ABEAD53}.Release|x64.Build.0 = Release|x64
		{7A7C9D54-2C59-4EE2-BC3B-386E2ABEAD53}.Release|x86.ActiveCfg = Release|x86
		{7A7C9D54-2C59-4EE2-BC3B-386E2ABEAD53}.Release|x86.Build.0 = Release|x86
		{8C78A9D4-C630-46E7-9709-53736F411FC0}.Debug|Any CPU.ActiveCfg = Debug|Any CPU
		{8C78A9D4-C630-46E7-9709-53736F411FC0}.Debug|Any CPU.Build.0 = Debug|Any CPU
		{8C78A9D4-C630-46E7-9709-53736F411FC0}.Debug|net.ActiveCfg = Debug|Any CPU
		{8C78A9D4-C630-46E7-9709-53736F411FC0}.Debug|x64.ActiveCfg = Debug|x64
		{8C78A9D4-C630-46E7-9709-53736F411FC0}.Debug|x64.Build.0 = Debug|x64
		{8C78A9D4-C630-46E7-9709-53736F411FC0}.Debug|x86.ActiveCfg = Debug|x86
		{8C78A9D4-C630-46E7-9709-53736F411FC0}.Debug|x86.Build.0 = Debug|x86
		{8C78A9D4-C630-46E7-9709-53736F411FC0}.Release|Any CPU.ActiveCfg = Release|Any CPU
		{8C78A9D4-C630-46E7-9709-53736F411FC0}.Release|Any CPU.Build.0 = Release|Any CPU
		{8C78A9D4-C630-46E7-9709-53736F411FC0}.Release|net.ActiveCfg = Release|Any CPU
		{8C78A9D4-C630-46E7-9709-53736F411FC0}.Release|net.Build.0 = Release|Any CPU
		{8C78A9D4-C630-46E7-9709-53736F411FC0}.Release|x64.ActiveCfg = Release|x64
		{8C78A9D4-C630-46E7-9709-53736F411FC0}.Release|x64.Build.0 = Release|x64
		{8C78A9D4-C630-46E7-9709-53736F411FC0}.Release|x86.ActiveCfg = Release|x86
		{8C78A9D4-C630-46E7-9709-53736F411FC0}.Release|x86.Build.0 = Release|x86
		{3D4B534D-B424-4039-A633-86C100024379}.Debug|Any CPU.ActiveCfg = Debug|Any CPU
		{3D4B534D-B424-4039-A633-86C100024379}.Debug|Any CPU.Build.0 = Debug|Any CPU
		{3D4B534D-B424-4039-A633-86C100024379}.Debug|net.ActiveCfg = Debug|Any CPU
		{3D4B534D-B424-4039-A633-86C100024379}.Debug|x64.ActiveCfg = Debug|x64
		{3D4B534D-B424-4039-A633-86C100024379}.Debug|x64.Build.0 = Debug|x64
		{3D4B534D-B424-4039-A633-86C100024379}.Debug|x86.ActiveCfg = Debug|x86
		{3D4B534D-B424-4039-A633-86C100024379}.Debug|x86.Build.0 = Debug|x86
		{3D4B534D-B424-4039-A633-86C100024379}.Release|Any CPU.ActiveCfg = Release|Any CPU
		{3D4B534D-B424-4039-A633-86C100024379}.Release|Any CPU.Build.0 = Release|Any CPU
		{3D4B534D-B424-4039-A633-86C100024379}.Release|net.ActiveCfg = Release|Any CPU
		{3D4B534D-B424-4039-A633-86C100024379}.Release|net.Build.0 = Release|Any CPU
		{3D4B534D-B424-4039-A633-86C100024379}.Release|x64.ActiveCfg = Release|x64
		{3D4B534D-B424-4039-A633-86C100024379}.Release|x64.Build.0 = Release|x64
		{3D4B534D-B424-4039-A633-86C100024379}.Release|x86.ActiveCfg = Release|x86
		{3D4B534D-B424-4039-A633-86C100024379}.Release|x86.Build.0 = Release|x86
		{36557F37-7635-409A-86F0-658D961D5B8B}.Debug|Any CPU.ActiveCfg = Debug|Any CPU
		{36557F37-7635-409A-86F0-658D961D5B8B}.Debug|Any CPU.Build.0 = Debug|Any CPU
		{36557F37-7635-409A-86F0-658D961D5B8B}.Debug|net.ActiveCfg = Debug|Any CPU
		{36557F37-7635-409A-86F0-658D961D5B8B}.Debug|x64.ActiveCfg = Debug|x64
		{36557F37-7635-409A-86F0-658D961D5B8B}.Debug|x64.Build.0 = Debug|x64
		{36557F37-7635-409A-86F0-658D961D5B8B}.Debug|x86.ActiveCfg = Debug|x86
		{36557F37-7635-409A-86F0-658D961D5B8B}.Debug|x86.Build.0 = Debug|x86
		{36557F37-7635-409A-86F0-658D961D5B8B}.Release|Any CPU.ActiveCfg = Release|Any CPU
		{36557F37-7635-409A-86F0-658D961D5B8B}.Release|Any CPU.Build.0 = Release|Any CPU
		{36557F37-7635-409A-86F0-658D961D5B8B}.Release|net.ActiveCfg = Release|Any CPU
		{36557F37-7635-409A-86F0-658D961D5B8B}.Release|net.Build.0 = Release|Any CPU
		{36557F37-7635-409A-86F0-658D961D5B8B}.Release|x64.ActiveCfg = Release|x64
		{36557F37-7635-409A-86F0-658D961D5B8B}.Release|x64.Build.0 = Release|x64
		{36557F37-7635-409A-86F0-658D961D5B8B}.Release|x86.ActiveCfg = Release|x86
		{36557F37-7635-409A-86F0-658D961D5B8B}.Release|x86.Build.0 = Release|x86
		{2D3EE922-07E1-4185-B3E5-D133B4FAC7D5}.Debug|Any CPU.ActiveCfg = Debug|Any CPU
		{2D3EE922-07E1-4185-B3E5-D133B4FAC7D5}.Debug|Any CPU.Build.0 = Debug|Any CPU
		{2D3EE922-07E1-4185-B3E5-D133B4FAC7D5}.Debug|net.ActiveCfg = Debug|Any CPU
		{2D3EE922-07E1-4185-B3E5-D133B4FAC7D5}.Debug|x64.ActiveCfg = Debug|x64
		{2D3EE922-07E1-4185-B3E5-D133B4FAC7D5}.Debug|x64.Build.0 = Debug|x64
		{2D3EE922-07E1-4185-B3E5-D133B4FAC7D5}.Debug|x86.ActiveCfg = Debug|x86
		{2D3EE922-07E1-4185-B3E5-D133B4FAC7D5}.Debug|x86.Build.0 = Debug|x86
		{2D3EE922-07E1-4185-B3E5-D133B4FAC7D5}.Release|Any CPU.ActiveCfg = Release|Any CPU
		{2D3EE922-07E1-4185-B3E5-D133B4FAC7D5}.Release|Any CPU.Build.0 = Release|Any CPU
		{2D3EE922-07E1-4185-B3E5-D133B4FAC7D5}.Release|net.ActiveCfg = Release|Any CPU
		{2D3EE922-07E1-4185-B3E5-D133B4FAC7D5}.Release|net.Build.0 = Release|Any CPU
		{2D3EE922-07E1-4185-B3E5-D133B4FAC7D5}.Release|x64.ActiveCfg = Release|x64
		{2D3EE922-07E1-4185-B3E5-D133B4FAC7D5}.Release|x64.Build.0 = Release|x64
		{2D3EE922-07E1-4185-B3E5-D133B4FAC7D5}.Release|x86.ActiveCfg = Release|x86
		{2D3EE922-07E1-4185-B3E5-D133B4FAC7D5}.Release|x86.Build.0 = Release|x86
		{048BB71D-D4EC-4D2D-8761-D27D2C597BB6}.Debug|Any CPU.ActiveCfg = Debug|Any CPU
		{048BB71D-D4EC-4D2D-8761-D27D2C597BB6}.Debug|Any CPU.Build.0 = Debug|Any CPU
		{048BB71D-D4EC-4D2D-8761-D27D2C597BB6}.Debug|net.ActiveCfg = Debug|Any CPU
		{048BB71D-D4EC-4D2D-8761-D27D2C597BB6}.Debug|x64.ActiveCfg = Debug|x64
		{048BB71D-D4EC-4D2D-8761-D27D2C597BB6}.Debug|x64.Build.0 = Debug|x64
		{048BB71D-D4EC-4D2D-8761-D27D2C597BB6}.Debug|x86.ActiveCfg = Debug|x86
		{048BB71D-D4EC-4D2D-8761-D27D2C597BB6}.Debug|x86.Build.0 = Debug|x86
		{048BB71D-D4EC-4D2D-8761-D27D2C597BB6}.Release|Any CPU.ActiveCfg = Release|Any CPU
		{048BB71D-D4EC-4D2D-8761-D27D2C597BB6}.Release|Any CPU.Build.0 = Release|Any CPU
		{048BB71D-D4EC-4D2D-8761-D27D2C597BB6}.Release|net.ActiveCfg = Release|Any CPU
		{048BB71D-D4EC-4D2D-8761-D27D2C597BB6}.Release|net.Build.0 = Release|Any CPU
		{048BB71D-D4EC-4D2D-8761-D27D2C597BB6}.Release|x64.ActiveCfg = Release|x64
		{048BB71D-D4EC-4D2D-8761-D27D2C597BB6}.Release|x64.Build.0 = Release|x64
		{048BB71D-D4EC-4D2D-8761-D27D2C597BB6}.Release|x86.ActiveCfg = Release|x86
		{048BB71D-D4EC-4D2D-8761-D27D2C597BB6}.Release|x86.Build.0 = Release|x86
		{7C33BBE6-279D-4881-B394-B1AEBD70B57A}.Debug|Any CPU.ActiveCfg = Debug|Any CPU
		{7C33BBE6-279D-4881-B394-B1AEBD70B57A}.Debug|Any CPU.Build.0 = Debug|Any CPU
		{7C33BBE6-279D-4881-B394-B1AEBD70B57A}.Debug|net.ActiveCfg = Debug|Any CPU
		{7C33BBE6-279D-4881-B394-B1AEBD70B57A}.Debug|x64.ActiveCfg = Debug|x64
		{7C33BBE6-279D-4881-B394-B1AEBD70B57A}.Debug|x64.Build.0 = Debug|x64
		{7C33BBE6-279D-4881-B394-B1AEBD70B57A}.Debug|x86.ActiveCfg = Debug|x86
		{7C33BBE6-279D-4881-B394-B1AEBD70B57A}.Debug|x86.Build.0 = Debug|x86
		{7C33BBE6-279D-4881-B394-B1AEBD70B57A}.Release|Any CPU.ActiveCfg = Release|Any CPU
		{7C33BBE6-279D-4881-B394-B1AEBD70B57A}.Release|Any CPU.Build.0 = Release|Any CPU
		{7C33BBE6-279D-4881-B394-B1AEBD70B57A}.Release|net.ActiveCfg = Release|Any CPU
		{7C33BBE6-279D-4881-B394-B1AEBD70B57A}.Release|x64.ActiveCfg = Release|x64
		{7C33BBE6-279D-4881-B394-B1AEBD70B57A}.Release|x64.Build.0 = Release|x64
		{7C33BBE6-279D-4881-B394-B1AEBD70B57A}.Release|x86.ActiveCfg = Release|x86
		{7C33BBE6-279D-4881-B394-B1AEBD70B57A}.Release|x86.Build.0 = Release|x86
		{697778A6-4B83-43D6-B937-412F696519BF}.Debug|Any CPU.ActiveCfg = Debug|Any CPU
		{697778A6-4B83-43D6-B937-412F696519BF}.Debug|Any CPU.Build.0 = Debug|Any CPU
		{697778A6-4B83-43D6-B937-412F696519BF}.Debug|net.ActiveCfg = Debug|Any CPU
		{697778A6-4B83-43D6-B937-412F696519BF}.Debug|net.Build.0 = Debug|Any CPU
		{697778A6-4B83-43D6-B937-412F696519BF}.Debug|x64.ActiveCfg = Debug|Any CPU
		{697778A6-4B83-43D6-B937-412F696519BF}.Debug|x64.Build.0 = Debug|Any CPU
		{697778A6-4B83-43D6-B937-412F696519BF}.Debug|x86.ActiveCfg = Debug|Any CPU
		{697778A6-4B83-43D6-B937-412F696519BF}.Debug|x86.Build.0 = Debug|Any CPU
		{697778A6-4B83-43D6-B937-412F696519BF}.Release|Any CPU.ActiveCfg = Release|Any CPU
		{697778A6-4B83-43D6-B937-412F696519BF}.Release|Any CPU.Build.0 = Release|Any CPU
		{697778A6-4B83-43D6-B937-412F696519BF}.Release|net.ActiveCfg = Release|Any CPU
		{697778A6-4B83-43D6-B937-412F696519BF}.Release|net.Build.0 = Release|Any CPU
		{697778A6-4B83-43D6-B937-412F696519BF}.Release|x64.ActiveCfg = Release|Any CPU
		{697778A6-4B83-43D6-B937-412F696519BF}.Release|x64.Build.0 = Release|Any CPU
		{697778A6-4B83-43D6-B937-412F696519BF}.Release|x86.ActiveCfg = Release|Any CPU
		{697778A6-4B83-43D6-B937-412F696519BF}.Release|x86.Build.0 = Release|Any CPU
		{75CE3754-F6A4-4035-B60F-1CC27B7B0FA9}.Debug|Any CPU.ActiveCfg = Debug|Any CPU
		{75CE3754-F6A4-4035-B60F-1CC27B7B0FA9}.Debug|Any CPU.Build.0 = Debug|Any CPU
		{75CE3754-F6A4-4035-B60F-1CC27B7B0FA9}.Debug|net.ActiveCfg = Debug|Any CPU
		{75CE3754-F6A4-4035-B60F-1CC27B7B0FA9}.Debug|net.Build.0 = Debug|Any CPU
		{75CE3754-F6A4-4035-B60F-1CC27B7B0FA9}.Debug|x64.ActiveCfg = Debug|x64
		{75CE3754-F6A4-4035-B60F-1CC27B7B0FA9}.Debug|x64.Build.0 = Debug|x64
		{75CE3754-F6A4-4035-B60F-1CC27B7B0FA9}.Debug|x86.ActiveCfg = Debug|Any CPU
		{75CE3754-F6A4-4035-B60F-1CC27B7B0FA9}.Debug|x86.Build.0 = Debug|Any CPU
		{75CE3754-F6A4-4035-B60F-1CC27B7B0FA9}.Release|Any CPU.ActiveCfg = Release|Any CPU
		{75CE3754-F6A4-4035-B60F-1CC27B7B0FA9}.Release|Any CPU.Build.0 = Release|Any CPU
		{75CE3754-F6A4-4035-B60F-1CC27B7B0FA9}.Release|net.ActiveCfg = Release|Any CPU
		{75CE3754-F6A4-4035-B60F-1CC27B7B0FA9}.Release|net.Build.0 = Release|Any CPU
		{75CE3754-F6A4-4035-B60F-1CC27B7B0FA9}.Release|x64.ActiveCfg = Release|x64
		{75CE3754-F6A4-4035-B60F-1CC27B7B0FA9}.Release|x64.Build.0 = Release|x64
		{75CE3754-F6A4-4035-B60F-1CC27B7B0FA9}.Release|x86.ActiveCfg = Release|Any CPU
		{75CE3754-F6A4-4035-B60F-1CC27B7B0FA9}.Release|x86.Build.0 = Release|Any CPU
	EndGlobalSection
	GlobalSection(SolutionProperties) = preSolution
		HideSolutionNode = FALSE
	EndGlobalSection
	GlobalSection(NestedProjects) = preSolution
		{7ADA5572-66CD-4EB4-9B3E-B9601242C5F1} = {2BB34F7C-A394-4BDE-A711-8BA6AECAAE10}
		{47E806EA-1B19-4E46-97A4-F6299640B0F0} = {2BB34F7C-A394-4BDE-A711-8BA6AECAAE10}
		{EB9C1430-5DA1-4A02-953D-5EC74C7E1966} = {6CEE51AC-A3D6-4AEA-935A-28B48F3C41D0}
		{5DED200D-B3B9-492B-8734-24C8F17131DA} = {6CEE51AC-A3D6-4AEA-935A-28B48F3C41D0}
		{BF43B5B0-7E66-48CC-8D03-FB828A2B480A} = {AD7016D2-EAE9-4FCF-8561-C0FF20581E89}
		{B668F7A0-4765-47BE-99FE-003AB7C97D03} = {AD7016D2-EAE9-4FCF-8561-C0FF20581E89}
		{6266158F-6517-42F0-B055-21BF2ACF2DBB} = {580E927B-D45D-4ECA-84D1-ADB1EFD9D176}
		{102687C7-D05F-4272-B63D-94B387627BEF} = {580E927B-D45D-4ECA-84D1-ADB1EFD9D176}
		{F45F4252-FC99-46F3-BEAE-8EE8467A730F} = {580E927B-D45D-4ECA-84D1-ADB1EFD9D176}
		{CD18A66E-F57D-424D-B5A1-DA1508B42457} = {580E927B-D45D-4ECA-84D1-ADB1EFD9D176}
		{6368C478-AA79-44FE-AEBC-C671F49D1728} = {E4FFED1A-3D0D-40CB-9503-D3877911D0D0}
		{C7654E80-E766-40D1-9B8D-4BC28BE63413} = {E4FFED1A-3D0D-40CB-9503-D3877911D0D0}
		{3D4B83B7-A194-4E81-84CB-1203D5DF9664} = {E4FFED1A-3D0D-40CB-9503-D3877911D0D0}
		{8740517B-39FB-4023-A004-B7CD4C86A594} = {5C8CD5EF-C618-430A-89B8-F8A1710F2C1D}
		{77930ABE-788D-44F7-97E4-1FC8997B4E1E} = {5C8CD5EF-C618-430A-89B8-F8A1710F2C1D}
		{D41B75EF-9619-40B8-83B5-2D0E9974C41A} = {5316B118-4F69-4D0E-8AD2-F02B5E99E50F}
		{6984B730-D087-41E0-B1B6-A54969D55D98} = {5316B118-4F69-4D0E-8AD2-F02B5E99E50F}
		{E24DCA57-312E-4EC0-B5C5-556AAE6328A9} = {07844D26-396D-407B-A044-0D653E0D1236}
		{42EB4CAE-B42A-4F57-BCA5-0F806B0E91B3} = {07844D26-396D-407B-A044-0D653E0D1236}
		{3ADFF0D1-3C4C-42BD-B82C-60C7ECF2DF9F} = {32C12070-C51F-435C-A1DE-79C68B20428F}
		{7A7C9D54-2C59-4EE2-BC3B-386E2ABEAD53} = {32C12070-C51F-435C-A1DE-79C68B20428F}
		{8C78A9D4-C630-46E7-9709-53736F411FC0} = {E5415C16-EFFE-4AD6-897E-EF2217FCF676}
		{3D4B534D-B424-4039-A633-86C100024379} = {3B562B78-EF2A-46AE-820D-1AD865BB7E47}
		{36557F37-7635-409A-86F0-658D961D5B8B} = {3B562B78-EF2A-46AE-820D-1AD865BB7E47}
		{2D3EE922-07E1-4185-B3E5-D133B4FAC7D5} = {3B562B78-EF2A-46AE-820D-1AD865BB7E47}
		{048BB71D-D4EC-4D2D-8761-D27D2C597BB6} = {3B562B78-EF2A-46AE-820D-1AD865BB7E47}
		{7C33BBE6-279D-4881-B394-B1AEBD70B57A} = {6CEE51AC-A3D6-4AEA-935A-28B48F3C41D0}
		{697778A6-4B83-43D6-B937-412F696519BF} = {3B562B78-EF2A-46AE-820D-1AD865BB7E47}
		{75CE3754-F6A4-4035-B60F-1CC27B7B0FA9} = {9724064B-6109-481D-8419-5237C81264AC}
	EndGlobalSection
	GlobalSection(ExtensibilityGlobals) = postSolution
		SolutionGuid = {E5701B27-D2B6-43B4-8737-4906F31C17C7}
	EndGlobalSection
	GlobalSection(TestCaseManagementSettings) = postSolution
		CategoryFile = CROM.Layers.vsmdi
	EndGlobalSection
EndGlobal
